
Microsoft Visual Studio Solution File, Format Version 12.00
# Visual Studio Version 17
VisualStudioVersion = 17.2.32616.157
MinimumVisualStudioVersion = 10.0.40219.1
Project("{2150E333-8FDC-42A3-9474-1A3956D46DE8}") = "src", "src", "{C9D1EFC3-BDCA-4CEF-B588-134247F3AE67}"
EndProject
Project("{2150E333-8FDC-42A3-9474-1A3956D46DE8}") = "test", "test", "{EDD09AE4-D859-4166-BD97-E531BB16E131}"
EndProject
Project("{9A19103F-16F7-4668-BE54-9A1E7A4F7556}") = "Exchange.API", "Exchange.API\Exchange.API.csproj", "{06622D47-E416-49BA-B675-92E43D5E2721}"
EndProject
Project("{9A19103F-16F7-4668-BE54-9A1E7A4F7556}") = "Exchange.Application", "src\Exchange.Application\Exchange.Application.csproj", "{E2C82376-8148-489B-9D6C-170F90B22D8D}"
EndProject
Project("{9A19103F-16F7-4668-BE54-9A1E7A4F7556}") = "Exchange.Communicator", "src\Exchange.Communicator\Exchange.Communicator.csproj", "{4B93B145-D543-4B8A-860D-F6DA690C5107}"
EndProject
Project("{9A19103F-16F7-4668-BE54-9A1E7A4F7556}") = "Exchange.DataAccess", "src\Exchange.DataAccess\Exchange.DataAccess.csproj", "{021F84F5-6D38-4FAC-AC7E-D2E0C8493DE3}"
EndProject
Project("{9A19103F-16F7-4668-BE54-9A1E7A4F7556}") = "Exchange.Application.Test", "test\Exchange.Application.Test\Exchange.Application.Test.csproj", "{29F2934E-6AE2-4769-B79F-CB705F180DD9}"
EndProject
Project("{9A19103F-16F7-4668-BE54-9A1E7A4F7556}") = "Exchange.API.Test", "test\Exchange.API.Test\Exchange.API.Test.csproj", "{CC789D6C-F3E8-4CEF-826B-7127A5843FC2}"
EndProject
Project("{9A19103F-16F7-4668-BE54-9A1E7A4F7556}") = "Exchange.Domain", "src\Exchange.Domain\Exchange.Domain.csproj", "{CC1FC3F9-65B4-4E7F-9C80-179EBD1F85E8}"
EndProject
Project("{FAE04EC0-301F-11D3-BF4B-00C04F79EFBC}") = "Exchange.Common", "src\Exchange.Common\Exchange.Common.csproj", "{65BC2A21-6243-4015-8E93-A05B7BBC0021}"
EndProject
Project("{FAE04EC0-301F-11D3-BF4B-00C04F79EFBC}") = "Exchange.Contract", "src\Exchange.Contract\Exchange.Contract.csproj", "{8DD99BE1-2BFF-477C-91AF-9A5E04C5C22D}"
EndProject
Global
	GlobalSection(SolutionConfigurationPlatforms) = preSolution
		Debug|Any CPU = Debug|Any CPU
		Release|Any CPU = Release|Any CPU
	EndGlobalSection
	GlobalSection(ProjectConfigurationPlatforms) = postSolution
		{06622D47-E416-49BA-B675-92E43D5E2721}.Debug|Any CPU.ActiveCfg = Debug|Any CPU
		{06622D47-E416-49BA-B675-92E43D5E2721}.Debug|Any CPU.Build.0 = Debug|Any CPU
		{06622D47-E416-49BA-B675-92E43D5E2721}.Release|Any CPU.ActiveCfg = Release|Any CPU
		{06622D47-E416-49BA-B675-92E43D5E2721}.Release|Any CPU.Build.0 = Release|Any CPU
		{E2C82376-8148-489B-9D6C-170F90B22D8D}.Debug|Any CPU.ActiveCfg = Debug|Any CPU
		{E2C82376-8148-489B-9D6C-170F90B22D8D}.Debug|Any CPU.Build.0 = Debug|Any CPU
		{E2C82376-8148-489B-9D6C-170F90B22D8D}.Release|Any CPU.ActiveCfg = Release|Any CPU
		{E2C82376-8148-489B-9D6C-170F90B22D8D}.Release|Any CPU.Build.0 = Release|Any CPU
		{4B93B145-D543-4B8A-860D-F6DA690C5107}.Debug|Any CPU.ActiveCfg = Debug|Any CPU
		{4B93B145-D543-4B8A-860D-F6DA690C5107}.Debug|Any CPU.Build.0 = Debug|Any CPU
		{4B93B145-D543-4B8A-860D-F6DA690C5107}.Release|Any CPU.ActiveCfg = Release|Any CPU
		{4B93B145-D543-4B8A-860D-F6DA690C5107}.Release|Any CPU.Build.0 = Release|Any CPU
		{021F84F5-6D38-4FAC-AC7E-D2E0C8493DE3}.Debug|Any CPU.ActiveCfg = Debug|Any CPU
		{021F84F5-6D38-4FAC-AC7E-D2E0C8493DE3}.Debug|Any CPU.Build.0 = Debug|Any CPU
		{021F84F5-6D38-4FAC-AC7E-D2E0C8493DE3}.Release|Any CPU.ActiveCfg = Release|Any CPU
		{021F84F5-6D38-4FAC-AC7E-D2E0C8493DE3}.Release|Any CPU.Build.0 = Release|Any CPU
		{29F2934E-6AE2-4769-B79F-CB705F180DD9}.Debug|Any CPU.ActiveCfg = Debug|Any CPU
		{29F2934E-6AE2-4769-B79F-CB705F180DD9}.Debug|Any CPU.Build.0 = Debug|Any CPU
		{29F2934E-6AE2-4769-B79F-CB705F180DD9}.Release|Any CPU.ActiveCfg = Release|Any CPU
		{29F2934E-6AE2-4769-B79F-CB705F180DD9}.Release|Any CPU.Build.0 = Release|Any CPU
		{CC789D6C-F3E8-4CEF-826B-7127A5843FC2}.Debug|Any CPU.ActiveCfg = Debug|Any CPU
		{CC789D6C-F3E8-4CEF-826B-7127A5843FC2}.Debug|Any CPU.Build.0 = Debug|Any CPU
		{CC789D6C-F3E8-4CEF-826B-7127A5843FC2}.Release|Any CPU.ActiveCfg = Release|Any CPU
		{CC789D6C-F3E8-4CEF-826B-7127A5843FC2}.Release|Any CPU.Build.0 = Release|Any CPU
		{CC1FC3F9-65B4-4E7F-9C80-179EBD1F85E8}.Debug|Any CPU.ActiveCfg = Debug|Any CPU
		{CC1FC3F9-65B4-4E7F-9C80-179EBD1F85E8}.Debug|Any CPU.Build.0 = Debug|Any CPU
		{CC1FC3F9-65B4-4E7F-9C80-179EBD1F85E8}.Release|Any CPU.ActiveCfg = Release|Any CPU
		{CC1FC3F9-65B4-4E7F-9C80-179EBD1F85E8}.Release|Any CPU.Build.0 = Release|Any CPU
		{65BC2A21-6243-4015-8E93-A05B7BBC0021}.Debug|Any CPU.ActiveCfg = Debug|Any CPU
		{65BC2A21-6243-4015-8E93-A05B7BBC0021}.Debug|Any CPU.Build.0 = Debug|Any CPU
		{65BC2A21-6243-4015-8E93-A05B7BBC0021}.Release|Any CPU.ActiveCfg = Release|Any CPU
		{65BC2A21-6243-4015-8E93-A05B7BBC0021}.Release|Any CPU.Build.0 = Release|Any CPU
		{8DD99BE1-2BFF-477C-91AF-9A5E04C5C22D}.Debug|Any CPU.ActiveCfg = Debug|Any CPU
		{8DD99BE1-2BFF-477C-91AF-9A5E04C5C22D}.Debug|Any CPU.Build.0 = Debug|Any CPU
		{8DD99BE1-2BFF-477C-91AF-9A5E04C5C22D}.Release|Any CPU.ActiveCfg = Release|Any CPU
		{8DD99BE1-2BFF-477C-91AF-9A5E04C5C22D}.Release|Any CPU.Build.0 = Release|Any CPU
	EndGlobalSection
	GlobalSection(SolutionProperties) = preSolution
		HideSolutionNode = FALSE
	EndGlobalSection
	GlobalSection(NestedProjects) = preSolution
		{06622D47-E416-49BA-B675-92E43D5E2721} = {C9D1EFC3-BDCA-4CEF-B588-134247F3AE67}
		{E2C82376-8148-489B-9D6C-170F90B22D8D} = {C9D1EFC3-BDCA-4CEF-B588-134247F3AE67}
		{4B93B145-D543-4B8A-860D-F6DA690C5107} = {C9D1EFC3-BDCA-4CEF-B588-134247F3AE67}
		{021F84F5-6D38-4FAC-AC7E-D2E0C8493DE3} = {C9D1EFC3-BDCA-4CEF-B588-134247F3AE67}
		{29F2934E-6AE2-4769-B79F-CB705F180DD9} = {EDD09AE4-D859-4166-BD97-E531BB16E131}
		{CC789D6C-F3E8-4CEF-826B-7127A5843FC2} = {EDD09AE4-D859-4166-BD97-E531BB16E131}
		{CC1FC3F9-65B4-4E7F-9C80-179EBD1F85E8} = {C9D1EFC3-BDCA-4CEF-B588-134247F3AE67}
		{65BC2A21-6243-4015-8E93-A05B7BBC0021} = {C9D1EFC3-BDCA-4CEF-B588-134247F3AE67}
		{8DD99BE1-2BFF-477C-91AF-9A5E04C5C22D} = {C9D1EFC3-BDCA-4CEF-B588-134247F3AE67}
	EndGlobalSection
	GlobalSection(ExtensibilityGlobals) = postSolution
		SolutionGuid = {3E578C67-387E-4759-A471-E7BD5DCE84D4}
	EndGlobalSection
EndGlobal
